
Microsoft Visual Studio Solution File, Format Version 12.00
# Visual Studio 15
VisualStudioVersion = 15.0.28010.2050
MinimumVisualStudioVersion = 10.0.40219.1
Project("{FAE04EC0-301F-11D3-BF4B-00C04F79EFBC}") = "Events-Beispiel-Flugzeug", "Events-Beispiel-Flugzeug\Events-Beispiel-Flugzeug.csproj", "{BF1DF12A-9CE5-49BE-9DD7-BF8C8FD70344}"
EndProject
Global
	GlobalSection(SolutionConfigurationPlatforms) = preSolution
		Debug|Any CPU = Debug|Any CPU
		Release|Any CPU = Release|Any CPU
	EndGlobalSection
	GlobalSection(ProjectConfigurationPlatforms) = postSolution
		{BF1DF12A-9CE5-49BE-9DD7-BF8C8FD70344}.Debug|Any CPU.ActiveCfg = Debug|Any CPU
		{BF1DF12A-9CE5-49BE-9DD7-BF8C8FD70344}.Debug|Any CPU.Build.0 = Debug|Any CPU
		{BF1DF12A-9CE5-49BE-9DD7-BF8C8FD70344}.Release|Any CPU.ActiveCfg = Release|Any CPU
		{BF1DF12A-9CE5-49BE-9DD7-BF8C8FD70344}.Release|Any CPU.Build.0 = Release|Any CPU
	EndGlobalSection
	GlobalSection(SolutionProperties) = preSolution
		HideSolutionNode = FALSE
	EndGlobalSection
	GlobalSection(ExtensibilityGlobals) = postSolution
		SolutionGuid = {7B11E94F-5C75-4031-993E-178373E43195}
	EndGlobalSection
EndGlobal
